
Microsoft Visual Studio Solution File, Format Version 12.00
# Visual Studio Version 17
VisualStudioVersion = 17.2.32630.192
MinimumVisualStudioVersion = 10.0.40219.1
Project("{2150E333-8FDC-42A3-9474-1A3956D46DE8}") = "build", "build", "{C6A0BDA8-36F6-4A41-95BD-DAD8FB72372F}"
	ProjectSection(SolutionItems) = preProject
		build\common.props = build\common.props
		build\index.cake = build\index.cake
		build\util.cake = build\util.cake
		build\version.cake = build\version.cake
		build\version.props = build\version.props
	EndProjectSection
EndProject
Project("{2150E333-8FDC-42A3-9474-1A3956D46DE8}") = "Solution Items", "Solution Items", "{8983E1CE-EF43-4646-AF03-51D96E9A17F3}"
	ProjectSection(SolutionItems) = preProject
		.gitattributes = .gitattributes
		.gitignore = .gitignore
		build.cake = build.cake
		build.ps1 = build.ps1
		build.sh = build.sh
		README.md = README.md
	EndProjectSection
EndProject
Project("{2150E333-8FDC-42A3-9474-1A3956D46DE8}") = "samples", "samples", "{1E4B38C1-0CF2-4E5C-AC4A-30B48CB3F7BA}"
EndProject
Project("{2150E333-8FDC-42A3-9474-1A3956D46DE8}") = "src", "src", "{50C4867C-8931-45F0-B773-463C7B953969}"
EndProject
Project("{9A19103F-16F7-4668-BE54-9A1E7A4F7556}") = "Zooyard", "src\Zooyard\Zooyard.csproj", "{EABD730A-25F2-42CF-92F2-84049A0A7599}"
EndProject
Project("{9A19103F-16F7-4668-BE54-9A1E7A4F7556}") = "Zooyard.GrpcImpl", "src\Zooyard.GrpcImpl\Zooyard.GrpcImpl.csproj", "{B44B6CB3-078A-4DF2-B325-D42D3EDB730E}"
EndProject
Project("{9A19103F-16F7-4668-BE54-9A1E7A4F7556}") = "Zooyard.HttpImpl", "src\Zooyard.HttpImpl\Zooyard.HttpImpl.csproj", "{2AEF263B-4E1D-4416-8E97-93331A06337F}"
EndProject
Project("{9A19103F-16F7-4668-BE54-9A1E7A4F7556}") = "RpcContractGrpc", "samples\RpcContractGrpc\RpcContractGrpc.csproj", "{5AA7B78D-829A-42FA-B6E4-64AACFF45BC0}"
EndProject
Project("{9A19103F-16F7-4668-BE54-9A1E7A4F7556}") = "RpcContractHttp", "samples\RpcContractHttp\RpcContractHttp.csproj", "{316B206E-7834-4704-A04E-4A5B01BA239F}"
EndProject
Project("{9A19103F-16F7-4668-BE54-9A1E7A4F7556}") = "RpcContractNetty", "samples\RpcContractNetty\RpcContractNetty.csproj", "{0796FC26-E6B7-4FD3-8415-D0F775490544}"
EndProject
Project("{2150E333-8FDC-42A3-9474-1A3956D46DE8}") = "test", "test", "{195EC2BD-3EE4-4D81-9BB4-7895BB8C84F4}"
EndProject
Project("{9A19103F-16F7-4668-BE54-9A1E7A4F7556}") = "Zooyard.CoreTest", "test\Zooyard.CoreTest\Zooyard.CoreTest.csproj", "{9F4D0F0E-CE5A-48D4-85DE-8A6228F6457A}"
EndProject
Project("{9A19103F-16F7-4668-BE54-9A1E7A4F7556}") = "RpcConsumerCore", "samples\RpcConsumerCore\RpcConsumerCore.csproj", "{FFD05F58-146E-4AF6-8C38-B4A826D2AE80}"
EndProject
Project("{9A19103F-16F7-4668-BE54-9A1E7A4F7556}") = "RpcProviderCore", "samples\RpcProviderCore\RpcProviderCore.csproj", "{F81E992A-FF4C-4973-BEDE-2091E0C5DBB5}"
EndProject
Project("{9A19103F-16F7-4668-BE54-9A1E7A4F7556}") = "Zooyard.ThriftImpl", "src\Zooyard.ThriftImpl\Zooyard.ThriftImpl.csproj", "{4CBC00FE-6951-4AD7-8056-4AE4585452B0}"
EndProject
Project("{9A19103F-16F7-4668-BE54-9A1E7A4F7556}") = "RpcContractThrift", "samples\RpcContractThrift\RpcContractThrift.csproj", "{D06193DB-1327-41BB-8563-8DCCFD2E2792}"
EndProject
Project("{9A19103F-16F7-4668-BE54-9A1E7A4F7556}") = "Zooyard.DotNettyImpl", "src\Zooyard.DotNettyImpl\Zooyard.DotNettyImpl.csproj", "{A55DA158-7776-4554-9007-7A89311642B5}"
EndProject
Global
	GlobalSection(SolutionConfigurationPlatforms) = preSolution
		Debug|Any CPU = Debug|Any CPU
		Release|Any CPU = Release|Any CPU
	EndGlobalSection
	GlobalSection(ProjectConfigurationPlatforms) = postSolution
		{EABD730A-25F2-42CF-92F2-84049A0A7599}.Debug|Any CPU.ActiveCfg = Debug|Any CPU
		{EABD730A-25F2-42CF-92F2-84049A0A7599}.Debug|Any CPU.Build.0 = Debug|Any CPU
		{EABD730A-25F2-42CF-92F2-84049A0A7599}.Release|Any CPU.ActiveCfg = Release|Any CPU
		{EABD730A-25F2-42CF-92F2-84049A0A7599}.Release|Any CPU.Build.0 = Release|Any CPU
		{B44B6CB3-078A-4DF2-B325-D42D3EDB730E}.Debug|Any CPU.ActiveCfg = Debug|Any CPU
		{B44B6CB3-078A-4DF2-B325-D42D3EDB730E}.Debug|Any CPU.Build.0 = Debug|Any CPU
		{B44B6CB3-078A-4DF2-B325-D42D3EDB730E}.Release|Any CPU.ActiveCfg = Release|Any CPU
		{B44B6CB3-078A-4DF2-B325-D42D3EDB730E}.Release|Any CPU.Build.0 = Release|Any CPU
		{2AEF263B-4E1D-4416-8E97-93331A06337F}.Debug|Any CPU.ActiveCfg = Debug|Any CPU
		{2AEF263B-4E1D-4416-8E97-93331A06337F}.Debug|Any CPU.Build.0 = Debug|Any CPU
		{2AEF263B-4E1D-4416-8E97-93331A06337F}.Release|Any CPU.ActiveCfg = Release|Any CPU
		{2AEF263B-4E1D-4416-8E97-93331A06337F}.Release|Any CPU.Build.0 = Release|Any CPU
		{5AA7B78D-829A-42FA-B6E4-64AACFF45BC0}.Debug|Any CPU.ActiveCfg = Debug|Any CPU
		{5AA7B78D-829A-42FA-B6E4-64AACFF45BC0}.Debug|Any CPU.Build.0 = Debug|Any CPU
		{5AA7B78D-829A-42FA-B6E4-64AACFF45BC0}.Release|Any CPU.ActiveCfg = Release|Any CPU
		{5AA7B78D-829A-42FA-B6E4-64AACFF45BC0}.Release|Any CPU.Build.0 = Release|Any CPU
		{316B206E-7834-4704-A04E-4A5B01BA239F}.Debug|Any CPU.ActiveCfg = Debug|Any CPU
		{316B206E-7834-4704-A04E-4A5B01BA239F}.Debug|Any CPU.Build.0 = Debug|Any CPU
		{316B206E-7834-4704-A04E-4A5B01BA239F}.Release|Any CPU.ActiveCfg = Release|Any CPU
		{316B206E-7834-4704-A04E-4A5B01BA239F}.Release|Any CPU.Build.0 = Release|Any CPU
		{0796FC26-E6B7-4FD3-8415-D0F775490544}.Debug|Any CPU.ActiveCfg = Debug|Any CPU
		{0796FC26-E6B7-4FD3-8415-D0F775490544}.Debug|Any CPU.Build.0 = Debug|Any CPU
		{0796FC26-E6B7-4FD3-8415-D0F775490544}.Release|Any CPU.ActiveCfg = Release|Any CPU
		{0796FC26-E6B7-4FD3-8415-D0F775490544}.Release|Any CPU.Build.0 = Release|Any CPU
		{9F4D0F0E-CE5A-48D4-85DE-8A6228F6457A}.Debug|Any CPU.ActiveCfg = Debug|Any CPU
		{9F4D0F0E-CE5A-48D4-85DE-8A6228F6457A}.Debug|Any CPU.Build.0 = Debug|Any CPU
		{9F4D0F0E-CE5A-48D4-85DE-8A6228F6457A}.Release|Any CPU.ActiveCfg = Release|Any CPU
		{9F4D0F0E-CE5A-48D4-85DE-8A6228F6457A}.Release|Any CPU.Build.0 = Release|Any CPU
		{FFD05F58-146E-4AF6-8C38-B4A826D2AE80}.Debug|Any CPU.ActiveCfg = Debug|Any CPU
		{FFD05F58-146E-4AF6-8C38-B4A826D2AE80}.Debug|Any CPU.Build.0 = Debug|Any CPU
		{FFD05F58-146E-4AF6-8C38-B4A826D2AE80}.Release|Any CPU.ActiveCfg = Release|Any CPU
		{FFD05F58-146E-4AF6-8C38-B4A826D2AE80}.Release|Any CPU.Build.0 = Release|Any CPU
		{F81E992A-FF4C-4973-BEDE-2091E0C5DBB5}.Debug|Any CPU.ActiveCfg = Debug|Any CPU
		{F81E992A-FF4C-4973-BEDE-2091E0C5DBB5}.Debug|Any CPU.Build.0 = Debug|Any CPU
		{F81E992A-FF4C-4973-BEDE-2091E0C5DBB5}.Release|Any CPU.ActiveCfg = Release|Any CPU
		{F81E992A-FF4C-4973-BEDE-2091E0C5DBB5}.Release|Any CPU.Build.0 = Release|Any CPU
		{4CBC00FE-6951-4AD7-8056-4AE4585452B0}.Debug|Any CPU.ActiveCfg = Debug|Any CPU
		{4CBC00FE-6951-4AD7-8056-4AE4585452B0}.Debug|Any CPU.Build.0 = Debug|Any CPU
		{4CBC00FE-6951-4AD7-8056-4AE4585452B0}.Release|Any CPU.ActiveCfg = Release|Any CPU
		{4CBC00FE-6951-4AD7-8056-4AE4585452B0}.Release|Any CPU.Build.0 = Release|Any CPU
		{D06193DB-1327-41BB-8563-8DCCFD2E2792}.Debug|Any CPU.ActiveCfg = Debug|Any CPU
		{D06193DB-1327-41BB-8563-8DCCFD2E2792}.Debug|Any CPU.Build.0 = Debug|Any CPU
		{D06193DB-1327-41BB-8563-8DCCFD2E2792}.Release|Any CPU.ActiveCfg = Release|Any CPU
		{D06193DB-1327-41BB-8563-8DCCFD2E2792}.Release|Any CPU.Build.0 = Release|Any CPU
		{A55DA158-7776-4554-9007-7A89311642B5}.Debug|Any CPU.ActiveCfg = Debug|Any CPU
		{A55DA158-7776-4554-9007-7A89311642B5}.Debug|Any CPU.Build.0 = Debug|Any CPU
		{A55DA158-7776-4554-9007-7A89311642B5}.Release|Any CPU.ActiveCfg = Release|Any CPU
		{A55DA158-7776-4554-9007-7A89311642B5}.Release|Any CPU.Build.0 = Release|Any CPU
	EndGlobalSection
	GlobalSection(SolutionProperties) = preSolution
		HideSolutionNode = FALSE
	EndGlobalSection
	GlobalSection(NestedProjects) = preSolution
		{EABD730A-25F2-42CF-92F2-84049A0A7599} = {50C4867C-8931-45F0-B773-463C7B953969}
		{B44B6CB3-078A-4DF2-B325-D42D3EDB730E} = {50C4867C-8931-45F0-B773-463C7B953969}
		{2AEF263B-4E1D-4416-8E97-93331A06337F} = {50C4867C-8931-45F0-B773-463C7B953969}
		{5AA7B78D-829A-42FA-B6E4-64AACFF45BC0} = {1E4B38C1-0CF2-4E5C-AC4A-30B48CB3F7BA}
		{316B206E-7834-4704-A04E-4A5B01BA239F} = {1E4B38C1-0CF2-4E5C-AC4A-30B48CB3F7BA}
		{0796FC26-E6B7-4FD3-8415-D0F775490544} = {1E4B38C1-0CF2-4E5C-AC4A-30B48CB3F7BA}
		{9F4D0F0E-CE5A-48D4-85DE-8A6228F6457A} = {195EC2BD-3EE4-4D81-9BB4-7895BB8C84F4}
		{FFD05F58-146E-4AF6-8C38-B4A826D2AE80} = {1E4B38C1-0CF2-4E5C-AC4A-30B48CB3F7BA}
		{F81E992A-FF4C-4973-BEDE-2091E0C5DBB5} = {1E4B38C1-0CF2-4E5C-AC4A-30B48CB3F7BA}
		{4CBC00FE-6951-4AD7-8056-4AE4585452B0} = {50C4867C-8931-45F0-B773-463C7B953969}
		{D06193DB-1327-41BB-8563-8DCCFD2E2792} = {1E4B38C1-0CF2-4E5C-AC4A-30B48CB3F7BA}
		{A55DA158-7776-4554-9007-7A89311642B5} = {50C4867C-8931-45F0-B773-463C7B953969}
	EndGlobalSection
	GlobalSection(ExtensibilityGlobals) = postSolution
		SolutionGuid = {4FBB3247-7E5E-40FB-85B2-67B3E3D57FCB}
	EndGlobalSection
EndGlobal
